
Microsoft Visual Studio Solution File, Format Version 12.00
# Visual Studio Version 16
VisualStudioVersion = 16.0.29215.179
MinimumVisualStudioVersion = 10.0.40219.1
Project("{FAE04EC0-301F-11D3-BF4B-00C04F79EFBC}") = "ExercisesWithStrings", "ExercisesWithStrings\ExercisesWithStrings.csproj", "{6E710EA8-6C5D-4759-B4E6-5F63AE4980A5}"
EndProject
Global
	GlobalSection(SolutionConfigurationPlatforms) = preSolution
		Debug|Any CPU = Debug|Any CPU
		Release|Any CPU = Release|Any CPU
	EndGlobalSection
	GlobalSection(ProjectConfigurationPlatforms) = postSolution
		{6E710EA8-6C5D-4759-B4E6-5F63AE4980A5}.Debug|Any CPU.ActiveCfg = Debug|Any CPU
		{6E710EA8-6C5D-4759-B4E6-5F63AE4980A5}.Debug|Any CPU.Build.0 = Debug|Any CPU
		{6E710EA8-6C5D-4759-B4E6-5F63AE4980A5}.Release|Any CPU.ActiveCfg = Release|Any CPU
		{6E710EA8-6C5D-4759-B4E6-5F63AE4980A5}.Release|Any CPU.Build.0 = Release|Any CPU
	EndGlobalSection
	GlobalSection(SolutionProperties) = preSolution
		HideSolutionNode = FALSE
	EndGlobalSection
	GlobalSection(ExtensibilityGlobals) = postSolution
		SolutionGuid = {DCEDF68C-F6F4-4602-AA12-1571615B40C4}
	EndGlobalSection
EndGlobal
